github.com/joho/godotenv v1.5.1 h1:7eLL/+HRGLY0ldzfGMeQkb7vMd0as4CfYvUVzLqw0N0=
github.com/joho/godotenv v1.5.1/go.mod h1:f4LDr5Voq0i2e/R5DDNOoa2zzDfwtkZa6DnEwAbqwq4=
github.com/piusalfred/whatsapp v0.0.32 h1:JJxPNVHuY58SWQhrfiLUVsfgYNHmH6kJ/uVmX2oh9f0=
github.com/piusalfred/whatsapp v0.0.32/go.mod h1:Xt+Rgdr9SlVVh0XTd6DfBJJn8sDAH8vx1YdyR32RGX8=
