github.com/joho/godotenv v1.5.1 h1:7eLL/+HRGLY0ldzfGMeQkb7vMd0as4CfYvUVzLqw0N0=
github.com/joho/godotenv v1.5.1/go.mod h1:f4LDr5Voq0i2e/R5DDNOoa2zzDfwtkZa6DnEwAbqwq4=
github.com/piusalfred/whatsapp v0.0.29 h1:03stXOECnvEeupseurgJkMVLiKOtHa8XVnAt4wW/GsA=
github.com/piusalfred/whatsapp v0.0.29/go.mod h1:J5D9qZ9DQDhKngtmSeTe3Ff9WXVnAzBqjXyGhWruZ/o=
